
Microsoft Visual Studio Solution File, Format Version 12.00
# Visual Studio 15
VisualStudioVersion = 15.0.27004.2009
MinimumVisualStudioVersion = 10.0.40219.1
Project("{FAE04EC0-301F-11D3-BF4B-00C04F79EFBC}") = "ESkin", "ESkin\ESkin.csproj", "{534B884E-3DE0-4A0C-BD73-9D23A5F82687}"
EndProject
Project("{FAE04EC0-301F-11D3-BF4B-00C04F79EFBC}") = "EApp", "EApp\EApp.csproj", "{530C20FD-3BB9-4047-AC08-C6DC0A8C4600}"
EndProject
Project("{FAE04EC0-301F-11D3-BF4B-00C04F79EFBC}") = "BDAuscultation", "BDAuscultation\BDAuscultation.csproj", "{F24AAD72-8314-4119-A09F-6AB20FCB73D3}"
EndProject
Project("{FAE04EC0-301F-11D3-BF4B-00C04F79EFBC}") = "BDUpdate", "BDUpdate\BDUpdate.csproj", "{7DD54CCE-0522-4BA3-BF90-D18BA021D53D}"
EndProject
Project("{FAE04EC0-301F-11D3-BF4B-00C04F79EFBC}") = "BDVersionPub", "BDVersionPub\BDVersionPub.csproj", "{C8440946-8AC4-468A-BF65-390CFAECBAFC}"
EndProject
Project("{FAE04EC0-301F-11D3-BF4B-00C04F79EFBC}") = "BDRemote", "BDRemote\BDRemote.csproj", "{F36ED094-425D-460D-962A-59A8F78AD3DD}"
EndProject
Project("{FAE04EC0-301F-11D3-BF4B-00C04F79EFBC}") = "DBArgTest", "DBArgTest\DBArgTest.csproj", "{11706F78-A831-4746-BDDB-3525836905FE}"
EndProject
Project("{FAE04EC0-301F-11D3-BF4B-00C04F79EFBC}") = "DBMigeration", "DBMigeration\DBMigeration.csproj", "{ED02E3B1-2343-48C8-BE9C-C88A31B79770}"
EndProject
Global
	GlobalSection(SolutionConfigurationPlatforms) = preSolution
		Debug|Any CPU = Debug|Any CPU
		Debug|x64 = Debug|x64
		Debug|x86 = Debug|x86
		Release|Any CPU = Release|Any CPU
		Release|x64 = Release|x64
		Release|x86 = Release|x86
	EndGlobalSection
	GlobalSection(ProjectConfigurationPlatforms) = postSolution
		{534B884E-3DE0-4A0C-BD73-9D23A5F82687}.Debug|Any CPU.ActiveCfg = Debug|Any CPU
		{534B884E-3DE0-4A0C-BD73-9D23A5F82687}.Debug|Any CPU.Build.0 = Debug|Any CPU
		{534B884E-3DE0-4A0C-BD73-9D23A5F82687}.Debug|x64.ActiveCfg = Debug|Any CPU
		{534B884E-3DE0-4A0C-BD73-9D23A5F82687}.Debug|x64.Build.0 = Debug|Any CPU
		{534B884E-3DE0-4A0C-BD73-9D23A5F82687}.Debug|x86.ActiveCfg = Debug|Any CPU
		{534B884E-3DE0-4A0C-BD73-9D23A5F82687}.Debug|x86.Build.0 = Debug|Any CPU
		{534B884E-3DE0-4A0C-BD73-9D23A5F82687}.Release|Any CPU.ActiveCfg = Release|Any CPU
		{534B884E-3DE0-4A0C-BD73-9D23A5F82687}.Release|Any CPU.Build.0 = Release|Any CPU
		{534B884E-3DE0-4A0C-BD73-9D23A5F82687}.Release|x64.ActiveCfg = Release|Any CPU
		{534B884E-3DE0-4A0C-BD73-9D23A5F82687}.Release|x64.Build.0 = Release|Any CPU
		{534B884E-3DE0-4A0C-BD73-9D23A5F82687}.Release|x86.ActiveCfg = Release|Any CPU
		{534B884E-3DE0-4A0C-BD73-9D23A5F82687}.Release|x86.Build.0 = Release|Any CPU
		{530C20FD-3BB9-4047-AC08-C6DC0A8C4600}.Debug|Any CPU.ActiveCfg = Debug|Any CPU
		{530C20FD-3BB9-4047-AC08-C6DC0A8C4600}.Debug|Any CPU.Build.0 = Debug|Any CPU
		{530C20FD-3BB9-4047-AC08-C6DC0A8C4600}.Debug|x64.ActiveCfg = Debug|Any CPU
		{530C20FD-3BB9-4047-AC08-C6DC0A8C4600}.Debug|x64.Build.0 = Debug|Any CPU
		{530C20FD-3BB9-4047-AC08-C6DC0A8C4600}.Debug|x86.ActiveCfg = Debug|Any CPU
		{530C20FD-3BB9-4047-AC08-C6DC0A8C4600}.Debug|x86.Build.0 = Debug|Any CPU
		{530C20FD-3BB9-4047-AC08-C6DC0A8C4600}.Release|Any CPU.ActiveCfg = Release|Any CPU
		{530C20FD-3BB9-4047-AC08-C6DC0A8C4600}.Release|Any CPU.Build.0 = Release|Any CPU
		{530C20FD-3BB9-4047-AC08-C6DC0A8C4600}.Release|x64.ActiveCfg = Release|Any CPU
		{530C20FD-3BB9-4047-AC08-C6DC0A8C4600}.Release|x64.Build.0 = Release|Any CPU
		{530C20FD-3BB9-4047-AC08-C6DC0A8C4600}.Release|x86.ActiveCfg = Release|Any CPU
		{530C20FD-3BB9-4047-AC08-C6DC0A8C4600}.Release|x86.Build.0 = Release|Any CPU
		{F24AAD72-8314-4119-A09F-6AB20FCB73D3}.Debug|Any CPU.ActiveCfg = Debug|Any CPU
		{F24AAD72-8314-4119-A09F-6AB20FCB73D3}.Debug|Any CPU.Build.0 = Debug|Any CPU
		{F24AAD72-8314-4119-A09F-6AB20FCB73D3}.Debug|x64.ActiveCfg = Debug|Any CPU
		{F24AAD72-8314-4119-A09F-6AB20FCB73D3}.Debug|x64.Build.0 = Debug|Any CPU
		{F24AAD72-8314-4119-A09F-6AB20FCB73D3}.Debug|x86.ActiveCfg = Debug|Any CPU
		{F24AAD72-8314-4119-A09F-6AB20FCB73D3}.Debug|x86.Build.0 = Debug|Any CPU
		{F24AAD72-8314-4119-A09F-6AB20FCB73D3}.Release|Any CPU.ActiveCfg = Release|Any CPU
		{F24AAD72-8314-4119-A09F-6AB20FCB73D3}.Release|Any CPU.Build.0 = Release|Any CPU
		{F24AAD72-8314-4119-A09F-6AB20FCB73D3}.Release|x64.ActiveCfg = Release|Any CPU
		{F24AAD72-8314-4119-A09F-6AB20FCB73D3}.Release|x64.Build.0 = Release|Any CPU
		{F24AAD72-8314-4119-A09F-6AB20FCB73D3}.Release|x86.ActiveCfg = Release|Any CPU
		{F24AAD72-8314-4119-A09F-6AB20FCB73D3}.Release|x86.Build.0 = Release|Any CPU
		{7DD54CCE-0522-4BA3-BF90-D18BA021D53D}.Debug|Any CPU.ActiveCfg = Debug|Any CPU
		{7DD54CCE-0522-4BA3-BF90-D18BA021D53D}.Debug|Any CPU.Build.0 = Debug|Any CPU
		{7DD54CCE-0522-4BA3-BF90-D18BA021D53D}.Debug|x64.ActiveCfg = Debug|Any CPU
		{7DD54CCE-0522-4BA3-BF90-D18BA021D53D}.Debug|x64.Build.0 = Debug|Any CPU
		{7DD54CCE-0522-4BA3-BF90-D18BA021D53D}.Debug|x86.ActiveCfg = Debug|Any CPU
		{7DD54CCE-0522-4BA3-BF90-D18BA021D53D}.Debug|x86.Build.0 = Debug|Any CPU
		{7DD54CCE-0522-4BA3-BF90-D18BA021D53D}.Release|Any CPU.ActiveCfg = Release|Any CPU
		{7DD54CCE-0522-4BA3-BF90-D18BA021D53D}.Release|Any CPU.Build.0 = Release|Any CPU
		{7DD54CCE-0522-4BA3-BF90-D18BA021D53D}.Release|x64.ActiveCfg = Release|Any CPU
		{7DD54CCE-0522-4BA3-BF90-D18BA021D53D}.Release|x64.Build.0 = Release|Any CPU
		{7DD54CCE-0522-4BA3-BF90-D18BA021D53D}.Release|x86.ActiveCfg = Release|Any CPU
		{7DD54CCE-0522-4BA3-BF90-D18BA021D53D}.Release|x86.Build.0 = Release|Any CPU
		{C8440946-8AC4-468A-BF65-390CFAECBAFC}.Debug|Any CPU.ActiveCfg = Debug|Any CPU
		{C8440946-8AC4-468A-BF65-390CFAECBAFC}.Debug|Any CPU.Build.0 = Debug|Any CPU
		{C8440946-8AC4-468A-BF65-390CFAECBAFC}.Debug|x64.ActiveCfg = Debug|Any CPU
		{C8440946-8AC4-468A-BF65-390CFAECBAFC}.Debug|x64.Build.0 = Debug|Any CPU
		{C8440946-8AC4-468A-BF65-390CFAECBAFC}.Debug|x86.ActiveCfg = Debug|Any CPU
		{C8440946-8AC4-468A-BF65-390CFAECBAFC}.Debug|x86.Build.0 = Debug|Any CPU
		{C8440946-8AC4-468A-BF65-390CFAECBAFC}.Release|Any CPU.ActiveCfg = Release|Any CPU
		{C8440946-8AC4-468A-BF65-390CFAECBAFC}.Release|Any CPU.Build.0 = Release|Any CPU
		{C8440946-8AC4-468A-BF65-390CFAECBAFC}.Release|x64.ActiveCfg = Release|Any CPU
		{C8440946-8AC4-468A-BF65-390CFAECBAFC}.Release|x64.Build.0 = Release|Any CPU
		{C8440946-8AC4-468A-BF65-390CFAECBAFC}.Release|x86.ActiveCfg = Release|Any CPU
		{C8440946-8AC4-468A-BF65-390CFAECBAFC}.Release|x86.Build.0 = Release|Any CPU
		{F36ED094-425D-460D-962A-59A8F78AD3DD}.Debug|Any CPU.ActiveCfg = Debug|Any CPU
		{F36ED094-425D-460D-962A-59A8F78AD3DD}.Debug|Any CPU.Build.0 = Debug|Any CPU
		{F36ED094-425D-460D-962A-59A8F78AD3DD}.Debug|x64.ActiveCfg = Debug|x64
		{F36ED094-425D-460D-962A-59A8F78AD3DD}.Debug|x64.Build.0 = Debug|x64
		{F36ED094-425D-460D-962A-59A8F78AD3DD}.Debug|x86.ActiveCfg = Debug|x86
		{F36ED094-425D-460D-962A-59A8F78AD3DD}.Debug|x86.Build.0 = Debug|x86
		{F36ED094-425D-460D-962A-59A8F78AD3DD}.Release|Any CPU.ActiveCfg = Release|Any CPU
		{F36ED094-425D-460D-962A-59A8F78AD3DD}.Release|Any CPU.Build.0 = Release|Any CPU
		{F36ED094-425D-460D-962A-59A8F78AD3DD}.Release|x64.ActiveCfg = Release|x64
		{F36ED094-425D-460D-962A-59A8F78AD3DD}.Release|x64.Build.0 = Release|x64
		{F36ED094-425D-460D-962A-59A8F78AD3DD}.Release|x86.ActiveCfg = Release|x86
		{F36ED094-425D-460D-962A-59A8F78AD3DD}.Release|x86.Build.0 = Release|x86
		{11706F78-A831-4746-BDDB-3525836905FE}.Debug|Any CPU.ActiveCfg = Debug|Any CPU
		{11706F78-A831-4746-BDDB-3525836905FE}.Debug|Any CPU.Build.0 = Debug|Any CPU
		{11706F78-A831-4746-BDDB-3525836905FE}.Debug|x64.ActiveCfg = Debug|Any CPU
		{11706F78-A831-4746-BDDB-3525836905FE}.Debug|x64.Build.0 = Debug|Any CPU
		{11706F78-A831-4746-BDDB-3525836905FE}.Debug|x86.ActiveCfg = Debug|Any CPU
		{11706F78-A831-4746-BDDB-3525836905FE}.Debug|x86.Build.0 = Debug|Any CPU
		{11706F78-A831-4746-BDDB-3525836905FE}.Release|Any CPU.ActiveCfg = Release|Any CPU
		{11706F78-A831-4746-BDDB-3525836905FE}.Release|Any CPU.Build.0 = Release|Any CPU
		{11706F78-A831-4746-BDDB-3525836905FE}.Release|x64.ActiveCfg = Release|Any CPU
		{11706F78-A831-4746-BDDB-3525836905FE}.Release|x64.Build.0 = Release|Any CPU
		{11706F78-A831-4746-BDDB-3525836905FE}.Release|x86.ActiveCfg = Release|Any CPU
		{11706F78-A831-4746-BDDB-3525836905FE}.Release|x86.Build.0 = Release|Any CPU
		{ED02E3B1-2343-48C8-BE9C-C88A31B79770}.Debug|Any CPU.ActiveCfg = Debug|Any CPU
		{ED02E3B1-2343-48C8-BE9C-C88A31B79770}.Debug|Any CPU.Build.0 = Debug|Any CPU
		{ED02E3B1-2343-48C8-BE9C-C88A31B79770}.Debug|x64.ActiveCfg = Debug|Any CPU
		{ED02E3B1-2343-48C8-BE9C-C88A31B79770}.Debug|x64.Build.0 = Debug|Any CPU
		{ED02E3B1-2343-48C8-BE9C-C88A31B79770}.Debug|x86.ActiveCfg = Debug|Any CPU
		{ED02E3B1-2343-48C8-BE9C-C88A31B79770}.Debug|x86.Build.0 = Debug|Any CPU
		{ED02E3B1-2343-48C8-BE9C-C88A31B79770}.Release|Any CPU.ActiveCfg = Release|Any CPU
		{ED02E3B1-2343-48C8-BE9C-C88A31B79770}.Release|Any CPU.Build.0 = Release|Any CPU
		{ED02E3B1-2343-48C8-BE9C-C88A31B79770}.Release|x64.ActiveCfg = Release|Any CPU
		{ED02E3B1-2343-48C8-BE9C-C88A31B79770}.Release|x64.Build.0 = Release|Any CPU
		{ED02E3B1-2343-48C8-BE9C-C88A31B79770}.Release|x86.ActiveCfg = Release|Any CPU
		{ED02E3B1-2343-48C8-BE9C-C88A31B79770}.Release|x86.Build.0 = Release|Any CPU
	EndGlobalSection
	GlobalSection(SolutionProperties) = preSolution
		HideSolutionNode = FALSE
	EndGlobalSection
	GlobalSection(ExtensibilityGlobals) = postSolution
		SolutionGuid = {79342146-FCD9-4297-8133-B9F0455E034D}
	EndGlobalSection
EndGlobal
